
Microsoft Visual Studio Solution File, Format Version 12.00
# Visual Studio Version 16
VisualStudioVersion = 16.0.29911.84
MinimumVisualStudioVersion = 10.0.40219.1
Project("{9A19103F-16F7-4668-BE54-9A1E7A4F7556}") = "WebAPI", "WebAPI\WebAPI.csproj", "{90D20976-90E2-4584-94B8-7227E42BE843}"
EndProject
Project("{FAE04EC0-301F-11D3-BF4B-00C04F79EFBC}") = "Ultilities", "Ultilities\Ultilities.csproj", "{47CA1FAA-32F9-457C-A0F0-E65AC8F4D6F2}"
EndProject
Global
	GlobalSection(SolutionConfigurationPlatforms) = preSolution
		Debug|Any CPU = Debug|Any CPU
		Release|Any CPU = Release|Any CPU
	EndGlobalSection
	GlobalSection(ProjectConfigurationPlatforms) = postSolution
		{90D20976-90E2-4584-94B8-7227E42BE843}.Debug|Any CPU.ActiveCfg = Debug|Any CPU
		{90D20976-90E2-4584-94B8-7227E42BE843}.Debug|Any CPU.Build.0 = Debug|Any CPU
		{90D20976-90E2-4584-94B8-7227E42BE843}.Release|Any CPU.ActiveCfg = Release|Any CPU
		{90D20976-90E2-4584-94B8-7227E42BE843}.Release|Any CPU.Build.0 = Release|Any CPU
		{47CA1FAA-32F9-457C-A0F0-E65AC8F4D6F2}.Debug|Any CPU.ActiveCfg = Debug|Any CPU
		{47CA1FAA-32F9-457C-A0F0-E65AC8F4D6F2}.Debug|Any CPU.Build.0 = Debug|Any CPU
		{47CA1FAA-32F9-457C-A0F0-E65AC8F4D6F2}.Release|Any CPU.ActiveCfg = Release|Any CPU
		{47CA1FAA-32F9-457C-A0F0-E65AC8F4D6F2}.Release|Any CPU.Build.0 = Release|Any CPU
	EndGlobalSection
	GlobalSection(SolutionProperties) = preSolution
		HideSolutionNode = FALSE
	EndGlobalSection
	GlobalSection(ExtensibilityGlobals) = postSolution
		SolutionGuid = {69437FEE-527F-48D3-9376-5574F0E5779C}
	EndGlobalSection
EndGlobal
